
Microsoft Visual Studio Solution File, Format Version 12.00
# Visual Studio Version 16
VisualStudioVersion = 16.0.31313.79
MinimumVisualStudioVersion = 10.0.40219.1
Project("{9A19103F-16F7-4668-BE54-9A1E7A4F7556}") = "Stilosoft", "Stilosoft\Stilosoft.csproj", "{5BC21A92-B742-444E-BCB9-E3F6A823D421}"
EndProject
Project("{FAE04EC0-301F-11D3-BF4B-00C04F79EFBC}") = "Stilosoft.Business", "Stilosoft.Business\Stilosoft.Business.csproj", "{4A26C75C-0DBA-47E0-ADC8-FBEDF1168D00}"
EndProject
Project("{FAE04EC0-301F-11D3-BF4B-00C04F79EFBC}") = "Stilosoft.Model", "Stilosoft.Model\Stilosoft.Model.csproj", "{66220C16-9327-4B21-8B09-B6F71AEB44AA}"
EndProject
Global
	GlobalSection(SolutionConfigurationPlatforms) = preSolution
		Debug|Any CPU = Debug|Any CPU
		Release|Any CPU = Release|Any CPU
	EndGlobalSection
	GlobalSection(ProjectConfigurationPlatforms) = postSolution
		{5BC21A92-B742-444E-BCB9-E3F6A823D421}.Debug|Any CPU.ActiveCfg = Debug|Any CPU
		{5BC21A92-B742-444E-BCB9-E3F6A823D421}.Debug|Any CPU.Build.0 = Debug|Any CPU
		{5BC21A92-B742-444E-BCB9-E3F6A823D421}.Release|Any CPU.ActiveCfg = Release|Any CPU
		{5BC21A92-B742-444E-BCB9-E3F6A823D421}.Release|Any CPU.Build.0 = Release|Any CPU
		{4A26C75C-0DBA-47E0-ADC8-FBEDF1168D00}.Debug|Any CPU.ActiveCfg = Debug|Any CPU
		{4A26C75C-0DBA-47E0-ADC8-FBEDF1168D00}.Debug|Any CPU.Build.0 = Debug|Any CPU
		{4A26C75C-0DBA-47E0-ADC8-FBEDF1168D00}.Release|Any CPU.ActiveCfg = Release|Any CPU
		{4A26C75C-0DBA-47E0-ADC8-FBEDF1168D00}.Release|Any CPU.Build.0 = Release|Any CPU
		{66220C16-9327-4B21-8B09-B6F71AEB44AA}.Debug|Any CPU.ActiveCfg = Debug|Any CPU
		{66220C16-9327-4B21-8B09-B6F71AEB44AA}.Debug|Any CPU.Build.0 = Debug|Any CPU
		{66220C16-9327-4B21-8B09-B6F71AEB44AA}.Release|Any CPU.ActiveCfg = Release|Any CPU
		{66220C16-9327-4B21-8B09-B6F71AEB44AA}.Release|Any CPU.Build.0 = Release|Any CPU
	EndGlobalSection
	GlobalSection(SolutionProperties) = preSolution
		HideSolutionNode = FALSE
	EndGlobalSection
	GlobalSection(ExtensibilityGlobals) = postSolution
		SolutionGuid = {F2B2C217-24CE-4961-85E2-03D32CD9D6B5}
	EndGlobalSection
EndGlobal
